PODS:
  - TensorFlow-experimental (1.1.1)

DEPENDENCIES:
  - TensorFlow-experimental

SPEC REPOS:
  https://github.com/cocoapods/specs.git:
    - TensorFlow-experimental

SPEC CHECKSUMS:
  TensorFlow-experimental: c38ed2a43acaa2d42ce4174ac076efaa76e26a12

PODFILE CHECKSUM: e90932dd2b5fb6697d74f30ab0440ef09a6a06ff

COCOAPODS: 1.5.3
